
Microsoft Visual Studio Solution File, Format Version 12.00
# Visual Studio Version 17
VisualStudioVersion = 17.4.33205.214
MinimumVisualStudioVersion = 10.0.40219.1
Project("{FAE04EC0-301F-11D3-BF4B-00C04F79EFBC}") = "Greetings.Android", "Greetings\Greetings.Android\Greetings.Android.csproj", "{4B52E636-92AE-4C0E-BFEB-A3EC29F845C3}"
EndProject
Project("{FAE04EC0-301F-11D3-BF4B-00C04F79EFBC}") = "Greetings.iOS", "Greetings\Greetings.iOS\Greetings.iOS.csproj", "{E559DC93-79FE-4D8C-84CC-8407F418774A}"
EndProject
Project("{FAE04EC0-301F-11D3-BF4B-00C04F79EFBC}") = "Greetings", "Greetings\Greetings\Greetings.csproj", "{482B443D-0657-4F5D-A4D6-C6F4FF4C5118}"
EndProject
Global
	GlobalSection(SolutionConfigurationPlatforms) = preSolution
		Debug|Any CPU = Debug|Any CPU
		Debug|iPhone = Debug|iPhone
		Debug|iPhoneSimulator = Debug|iPhoneSimulator
		Release|Any CPU = Release|Any CPU
		Release|iPhone = Release|iPhone
		Release|iPhoneSimulator = Release|iPhoneSimulator
	EndGlobalSection
	GlobalSection(ProjectConfigurationPlatforms) = postSolution
		{4B52E636-92AE-4C0E-BFEB-A3EC29F845C3}.Debug|Any CPU.ActiveCfg = Debug|Any CPU
		{4B52E636-92AE-4C0E-BFEB-A3EC29F845C3}.Debug|Any CPU.Build.0 = Debug|Any CPU
		{4B52E636-92AE-4C0E-BFEB-A3EC29F845C3}.Debug|Any CPU.Deploy.0 = Debug|Any CPU
		{4B52E636-92AE-4C0E-BFEB-A3EC29F845C3}.Debug|iPhone.ActiveCfg = Debug|Any CPU
		{4B52E636-92AE-4C0E-BFEB-A3EC29F845C3}.Debug|iPhone.Build.0 = Debug|Any CPU
		{4B52E636-92AE-4C0E-BFEB-A3EC29F845C3}.Debug|iPhone.Deploy.0 = Debug|Any CPU
		{4B52E636-92AE-4C0E-BFEB-A3EC29F845C3}.Debug|iPhoneSimulator.ActiveCfg = Debug|Any CPU
		{4B52E636-92AE-4C0E-BFEB-A3EC29F845C3}.Debug|iPhoneSimulator.Build.0 = Debug|Any CPU
		{4B52E636-92AE-4C0E-BFEB-A3EC29F845C3}.Debug|iPhoneSimulator.Deploy.0 = Debug|Any CPU
		{4B52E636-92AE-4C0E-BFEB-A3EC29F845C3}.Release|Any CPU.ActiveCfg = Release|Any CPU
		{4B52E636-92AE-4C0E-BFEB-A3EC29F845C3}.Release|Any CPU.Build.0 = Release|Any CPU
		{4B52E636-92AE-4C0E-BFEB-A3EC29F845C3}.Release|Any CPU.Deploy.0 = Release|Any CPU
		{4B52E636-92AE-4C0E-BFEB-A3EC29F845C3}.Release|iPhone.ActiveCfg = Release|Any CPU
		{4B52E636-92AE-4C0E-BFEB-A3EC29F845C3}.Release|iPhone.Build.0 = Release|Any CPU
		{4B52E636-92AE-4C0E-BFEB-A3EC29F845C3}.Release|iPhone.Deploy.0 = Release|Any CPU
		{4B52E636-92AE-4C0E-BFEB-A3EC29F845C3}.Release|iPhoneSimulator.ActiveCfg = Release|Any CPU
		{4B52E636-92AE-4C0E-BFEB-A3EC29F845C3}.Release|iPhoneSimulator.Build.0 = Release|Any CPU
		{4B52E636-92AE-4C0E-BFEB-A3EC29F845C3}.Release|iPhoneSimulator.Deploy.0 = Release|Any CPU
		{E559DC93-79FE-4D8C-84CC-8407F418774A}.Debug|Any CPU.ActiveCfg = Debug|iPhone
		{E559DC93-79FE-4D8C-84CC-8407F418774A}.Debug|Any CPU.Build.0 = Debug|iPhone
		{E559DC93-79FE-4D8C-84CC-8407F418774A}.Debug|Any CPU.Deploy.0 = Debug|iPhone
		{E559DC93-79FE-4D8C-84CC-8407F418774A}.Debug|iPhone.ActiveCfg = Debug|iPhone
		{E559DC93-79FE-4D8C-84CC-8407F418774A}.Debug|iPhone.Build.0 = Debug|iPhone
		{E559DC93-79FE-4D8C-84CC-8407F418774A}.Debug|iPhone.Deploy.0 = Debug|iPhone
		{E559DC93-79FE-4D8C-84CC-8407F418774A}.Debug|iPhoneSimulator.ActiveCfg = Debug|iPhoneSimulator
		{E559DC93-79FE-4D8C-84CC-8407F418774A}.Debug|iPhoneSimulator.Build.0 = Debug|iPhoneSimulator
		{E559DC93-79FE-4D8C-84CC-8407F418774A}.Debug|iPhoneSimulator.Deploy.0 = Debug|iPhoneSimulator
		{E559DC93-79FE-4D8C-84CC-8407F418774A}.Release|Any CPU.ActiveCfg = Release|iPhoneSimulator
		{E559DC93-79FE-4D8C-84CC-8407F418774A}.Release|Any CPU.Build.0 = Release|iPhoneSimulator
		{E559DC93-79FE-4D8C-84CC-8407F418774A}.Release|Any CPU.Deploy.0 = Release|iPhoneSimulator
		{E559DC93-79FE-4D8C-84CC-8407F418774A}.Release|iPhone.ActiveCfg = Release|iPhone
		{E559DC93-79FE-4D8C-84CC-8407F418774A}.Release|iPhone.Build.0 = Release|iPhone
		{E559DC93-79FE-4D8C-84CC-8407F418774A}.Release|iPhone.Deploy.0 = Release|iPhone
		{E559DC93-79FE-4D8C-84CC-8407F418774A}.Release|iPhoneSimulator.ActiveCfg = Release|iPhoneSimulator
		{E559DC93-79FE-4D8C-84CC-8407F418774A}.Release|iPhoneSimulator.Build.0 = Release|iPhoneSimulator
		{E559DC93-79FE-4D8C-84CC-8407F418774A}.Release|iPhoneSimulator.Deploy.0 = Release|iPhoneSimulator
		{482B443D-0657-4F5D-A4D6-C6F4FF4C5118}.Debug|Any CPU.ActiveCfg = Debug|Any CPU
		{482B443D-0657-4F5D-A4D6-C6F4FF4C5118}.Debug|Any CPU.Build.0 = Debug|Any CPU
		{482B443D-0657-4F5D-A4D6-C6F4FF4C5118}.Debug|Any CPU.Deploy.0 = Debug|Any CPU
		{482B443D-0657-4F5D-A4D6-C6F4FF4C5118}.Debug|iPhone.ActiveCfg = Debug|Any CPU
		{482B443D-0657-4F5D-A4D6-C6F4FF4C5118}.Debug|iPhone.Build.0 = Debug|Any CPU
		{482B443D-0657-4F5D-A4D6-C6F4FF4C5118}.Debug|iPhone.Deploy.0 = Debug|Any CPU
		{482B443D-0657-4F5D-A4D6-C6F4FF4C5118}.Debug|iPhoneSimulator.ActiveCfg = Debug|Any CPU
		{482B443D-0657-4F5D-A4D6-C6F4FF4C5118}.Debug|iPhoneSimulator.Build.0 = Debug|Any CPU
		{482B443D-0657-4F5D-A4D6-C6F4FF4C5118}.Debug|iPhoneSimulator.Deploy.0 = Debug|Any CPU
		{482B443D-0657-4F5D-A4D6-C6F4FF4C5118}.Release|Any CPU.ActiveCfg = Release|Any CPU
		{482B443D-0657-4F5D-A4D6-C6F4FF4C5118}.Release|Any CPU.Build.0 = Release|Any CPU
		{482B443D-0657-4F5D-A4D6-C6F4FF4C5118}.Release|Any CPU.Deploy.0 = Release|Any CPU
		{482B443D-0657-4F5D-A4D6-C6F4FF4C5118}.Release|iPhone.ActiveCfg = Release|Any CPU
		{482B443D-0657-4F5D-A4D6-C6F4FF4C5118}.Release|iPhone.Build.0 = Release|Any CPU
		{482B443D-0657-4F5D-A4D6-C6F4FF4C5118}.Release|iPhone.Deploy.0 = Release|Any CPU
		{482B443D-0657-4F5D-A4D6-C6F4FF4C5118}.Release|iPhoneSimulator.ActiveCfg = Release|Any CPU
		{482B443D-0657-4F5D-A4D6-C6F4FF4C5118}.Release|iPhoneSimulator.Build.0 = Release|Any CPU
		{482B443D-0657-4F5D-A4D6-C6F4FF4C5118}.Release|iPhoneSimulator.Deploy.0 = Release|Any CPU
	EndGlobalSection
	GlobalSection(SolutionProperties) = preSolution
		HideSolutionNode = FALSE
	EndGlobalSection
	GlobalSection(ExtensibilityGlobals) = postSolution
		SolutionGuid = {0D7976B5-EC1A-4465-AA70-57762DC0BCFD}
	EndGlobalSection
EndGlobal
